// !$*UTF8*$!
{
	archiveVersion = 1;
	classes = {
	};
	objectVersion = 77;
	objects = {

/* Begin PBXBuildFile section */
		2D11053B2CA4BC36004548C1 /* ChartView.swift in Sources */ = {isa = PBXBuildFile; fileRef = 2D1105392CA4BC36004548C1 /* ChartView.swift */; };
		2D11053C2CA4BC36004548C1 /* DetailView.swift in Sources */ = {isa = PBXBuildFile; fileRef = 2D11053A2CA4BC36004548C1 /* DetailView.swift */; };
		2D11053E2CA4BC36004548C1 /* DetailViewModel.swift in Sources */ = {isa = PBXBuildFile; fileRef = 2D11053D2CA4BC36004548C1 /* DetailViewModel.swift */; };
		2D1105442CA4C481004548C1 /* SettingsView.swift in Sources */ = {isa = PBXBuildFile; fileRef = 2D1105432CA4C481004548C1 /* SettingsView.swift */; };
		2D2C9BC02CA470EC00AB4197 /* Date.swift in Sources */ = {isa = PBXBuildFile; fileRef = 2D2C9BBF2CA470EC00AB4197 /* Date.swift */; };
		2D2C9BC22CA4AD2B00AB4197 /* String.swift in Sources */ = {isa = PBXBuildFile; fileRef = 2D2C9BC12CA4AD2B00AB4197 /* String.swift */; };
		2D577E922CA5F16D00DDC18A /* LaunchScreen.storyboard in Resources */ = {isa = PBXBuildFile; fileRef = 2D577E912CA5F16D00DDC18A /* LaunchScreen.storyboard */; };
		2D577E942CA5F9E200DDC18A /* LaunchView.swift in Sources */ = {isa = PBXBuildFile; fileRef = 2D577E932CA5F9E200DDC18A /* LaunchView.swift */; };
		2DCCB8BB2C9CC934006DE802 /* CircleButtonAnimationView.swift in Sources */ = {isa = PBXBuildFile; fileRef = 2DCCB8962C9CC934006DE802 /* CircleButtonAnimationView.swift */; };
		2DCCB8BC2C9CC934006DE802 /* CircleButtonView.swift in Sources */ = {isa = PBXBuildFile; fileRef = 2DCCB8972C9CC934006DE802 /* CircleButtonView.swift */; };
		2DCCB8BD2C9CC934006DE802 /* CoinImageView.swift in Sources */ = {isa = PBXBuildFile; fileRef = 2DCCB8992C9CC934006DE802 /* CoinImageView.swift */; };
		2DCCB8BE2C9CC934006DE802 /* CoinImageViewModel.swift in Sources */ = {isa = PBXBuildFile; fileRef = 2DCCB89A2C9CC934006DE802 /* CoinImageViewModel.swift */; };
		2DCCB8BF2C9CC934006DE802 /* SearchBarView.swift in Sources */ = {isa = PBXBuildFile; fileRef = 2DCCB89C2C9CC934006DE802 /* SearchBarView.swift */; };
		2DCCB8C02C9CC934006DE802 /* StatisticView.swift in Sources */ = {isa = PBXBuildFile; fileRef = 2DCCB89D2C9CC934006DE802 /* StatisticView.swift */; };
		2DCCB8C12C9CC934006DE802 /* HomeViewModel.swift in Sources */ = {isa = PBXBuildFile; fileRef = 2DCCB89F2C9CC934006DE802 /* HomeViewModel.swift */; };
		2DCCB8C22C9CC934006DE802 /* CoinRowView.swift in Sources */ = {isa = PBXBuildFile; fileRef = 2DCCB8A12C9CC934006DE802 /* CoinRowView.swift */; };
		2DCCB8C32C9CC934006DE802 /* HomeStatsView.swift in Sources */ = {isa = PBXBuildFile; fileRef = 2DCCB8A22C9CC934006DE802 /* HomeStatsView.swift */; };
		2DCCB8C42C9CC934006DE802 /* HomeView.swift in Sources */ = {isa = PBXBuildFile; fileRef = 2DCCB8A32C9CC934006DE802 /* HomeView.swift */; };
		2DCCB8C52C9CC934006DE802 /* Color.swift in Sources */ = {isa = PBXBuildFile; fileRef = 2DCCB8A72C9CC934006DE802 /* Color.swift */; };
		2DCCB8C72C9CC934006DE802 /* Double.swift in Sources */ = {isa = PBXBuildFile; fileRef = 2DCCB8A92C9CC934006DE802 /* Double.swift */; };
		2DCCB8C82C9CC934006DE802 /* PreviewProvider.swift in Sources */ = {isa = PBXBuildFile; fileRef = 2DCCB8AA2C9CC934006DE802 /* PreviewProvider.swift */; };
		2DCCB8C92C9CC934006DE802 /* UIApplication.swift in Sources */ = {isa = PBXBuildFile; fileRef = 2DCCB8AB2C9CC934006DE802 /* UIApplication.swift */; };
		2DCCB8CA2C9CC934006DE802 /* CoinModel.swift in Sources */ = {isa = PBXBuildFile; fileRef = 2DCCB8AD2C9CC934006DE802 /* CoinModel.swift */; };
		2DCCB8CB2C9CC934006DE802 /* StatisticModel.swift in Sources */ = {isa = PBXBuildFile; fileRef = 2DCCB8AE2C9CC934006DE802 /* StatisticModel.swift */; };
		2DCCB8CC2C9CC934006DE802 /* CoinDataService.swift in Sources */ = {isa = PBXBuildFile; fileRef = 2DCCB8B22C9CC934006DE802 /* CoinDataService.swift */; };
		2DCCB8CD2C9CC934006DE802 /* CoinImageService.swift in Sources */ = {isa = PBXBuildFile; fileRef = 2DCCB8B32C9CC934006DE802 /* CoinImageService.swift */; };
		2DCCB8CE2C9CC934006DE802 /* LocalFileManager.swift in Sources */ = {isa = PBXBuildFile; fileRef = 2DCCB8B52C9CC934006DE802 /* LocalFileManager.swift */; };
		2DCCB8CF2C9CC934006DE802 /* NetworkingManager.swift in Sources */ = {isa = PBXBuildFile; fileRef = 2DCCB8B62C9CC934006DE802 /* NetworkingManager.swift */; };
		2DCCB8D02C9CC934006DE802 /* AshtariaCryptoApp.swift in Sources */ = {isa = PBXBuildFile; fileRef = 2DCCB8B82C9CC934006DE802 /* AshtariaCryptoApp.swift */; };
		2DCCB8D12C9CC934006DE802 /* Preview Assets.xcassets in Resources */ = {isa = PBXBuildFile; fileRef = 2DCCB8B02C9CC934006DE802 /* Preview Assets.xcassets */; };
		2DCCB8D22C9CC934006DE802 /* Assets.xcassets in Resources */ = {isa = PBXBuildFile; fileRef = 2DCCB8B92C9CC934006DE802 /* Assets.xcassets */; };
		2DCCB8D42C9CD436006DE802 /* MarketDataModel.swift in Sources */ = {isa = PBXBuildFile; fileRef = 2DCCB8D32C9CD436006DE802 /* MarketDataModel.swift */; };
		2DCCB8D62C9CDF99006DE802 /* MarketDataService.swift in Sources */ = {isa = PBXBuildFile; fileRef = 2DCCB8D52C9CDF99006DE802 /* MarketDataService.swift */; };
		2DCCB8D82C9DE021006DE802 /* PortfolioView.swift in Sources */ = {isa = PBXBuildFile; fileRef = 2DCCB8D72C9DE021006DE802 /* PortfolioView.swift */; };
		2DCCB8DA2C9DEC45006DE802 /* XMarkButton.swift in Sources */ = {isa = PBXBuildFile; fileRef = 2DCCB8D92C9DEC45006DE802 /* XMarkButton.swift */; };
		2DCCB8DC2C9DF3EF006DE802 /* CoinLogoView.swift in Sources */ = {isa = PBXBuildFile; fileRef = 2DCCB8DB2C9DF3EF006DE802 /* CoinLogoView.swift */; };
		2DCCB8DF2C9E2BBB006DE802 /* PortfolioContainer.xcdatamodeld in Sources */ = {isa = PBXBuildFile; fileRef = 2DCCB8DD2C9E2BBB006DE802 /* PortfolioContainer.xcdatamodeld */; };
		2DCCB8E12C9E32E2006DE802 /* PortfolioDataService.swift in Sources */ = {isa = PBXBuildFile; fileRef = 2DCCB8E02C9E32E2006DE802 /* PortfolioDataService.swift */; };
		2DD131782CA21FBC002D1989 /* HapticManager.swift in Sources */ = {isa = PBXBuildFile; fileRef = 2DD131772CA21FBC002D1989 /* HapticManager.swift */; };
		2DD131842CA36E76002D1989 /* CoinDetailModel.swift in Sources */ = {isa = PBXBuildFile; fileRef = 2DD131832CA36E76002D1989 /* CoinDetailModel.swift */; };
		2DD131882CA374A0002D1989 /* CoinDetailDataService.swift in Sources */ = {isa = PBXBuildFile; fileRef = 2DD131872CA374A0002D1989 /* CoinDetailDataService.swift */; };
/* End PBXBuildFile section */

/* Begin PBXFileReference section */
		2D1105392CA4BC36004548C1 /* ChartView.swift */ = {isa = PBXFileReference; lastKnownFileType = sourcecode.swift; path = ChartView.swift; sourceTree = "<group>"; };
		2D11053A2CA4BC36004548C1 /* DetailView.swift */ = {isa = PBXFileReference; lastKnownFileType = sourcecode.swift; path = DetailView.swift; sourceTree = "<group>"; };
		2D11053D2CA4BC36004548C1 /* DetailViewModel.swift */ = {isa = PBXFileReference; lastKnownFileType = sourcecode.swift; path = DetailViewModel.swift; sourceTree = "<group>"; };
		2D1105432CA4C481004548C1 /* SettingsView.swift */ = {isa = PBXFileReference; lastKnownFileType = sourcecode.swift; path = SettingsView.swift; sourceTree = "<group>"; };
		2D2C9BBF2CA470EC00AB4197 /* Date.swift */ = {isa = PBXFileReference; lastKnownFileType = sourcecode.swift; path = Date.swift; sourceTree = "<group>"; };
		2D2C9BC12CA4AD2B00AB4197 /* String.swift */ = {isa = PBXFileReference; lastKnownFileType = sourcecode.swift; path = String.swift; sourceTree = "<group>"; };
		2D577E912CA5F16D00DDC18A /* LaunchScreen.storyboard */ = {isa = PBXFileReference; lastKnownFileType = file.storyboard; path = LaunchScreen.storyboard; sourceTree = "<group>"; };
		2D577E932CA5F9E200DDC18A /* LaunchView.swift */ = {isa = PBXFileReference; lastKnownFileType = sourcecode.swift; path = LaunchView.swift; sourceTree = "<group>"; };
		2D974A042CAF15FA00499D25 /* README.md */ = {isa = PBXFileReference; lastKnownFileType = net.daringfireball.markdown; path = README.md; sourceTree = "<group>"; };
		2DCCB8962C9CC934006DE802 /* CircleButtonAnimationView.swift */ = {isa = PBXFileReference; lastKnownFileType = sourcecode.swift; path = CircleButtonAnimationView.swift; sourceTree = "<group>"; };
		2DCCB8972C9CC934006DE802 /* CircleButtonView.swift */ = {isa = PBXFileReference; lastKnownFileType = sourcecode.swift; path = CircleButtonView.swift; sourceTree = "<group>"; };
		2DCCB8992C9CC934006DE802 /* CoinImageView.swift */ = {isa = PBXFileReference; lastKnownFileType = sourcecode.swift; path = CoinImageView.swift; sourceTree = "<group>"; };
		2DCCB89A2C9CC934006DE802 /* CoinImageViewModel.swift */ = {isa = PBXFileReference; lastKnownFileType = sourcecode.swift; path = CoinImageViewModel.swift; sourceTree = "<group>"; };
		2DCCB89C2C9CC934006DE802 /* SearchBarView.swift */ = {isa = PBXFileReference; lastKnownFileType = sourcecode.swift; path = SearchBarView.swift; sourceTree = "<group>"; };
		2DCCB89D2C9CC934006DE802 /* StatisticView.swift */ = {isa = PBXFileReference; lastKnownFileType = sourcecode.swift; path = StatisticView.swift; sourceTree = "<group>"; };
		2DCCB89F2C9CC934006DE802 /* HomeViewModel.swift */ = {isa = PBXFileReference; lastKnownFileType = sourcecode.swift; path = HomeViewModel.swift; sourceTree = "<group>"; };
		2DCCB8A12C9CC934006DE802 /* CoinRowView.swift */ = {isa = PBXFileReference; lastKnownFileType = sourcecode.swift; path = CoinRowView.swift; sourceTree = "<group>"; };
		2DCCB8A22C9CC934006DE802 /* HomeStatsView.swift */ = {isa = PBXFileReference; lastKnownFileType = sourcecode.swift; path = HomeStatsView.swift; sourceTree = "<group>"; };
		2DCCB8A32C9CC934006DE802 /* HomeView.swift */ = {isa = PBXFileReference; lastKnownFileType = sourcecode.swift; path = HomeView.swift; sourceTree = "<group>"; };
		2DCCB8A72C9CC934006DE802 /* Color.swift */ = {isa = PBXFileReference; lastKnownFileType = sourcecode.swift; path = Color.swift; sourceTree = "<group>"; };
		2DCCB8A92C9CC934006DE802 /* Double.swift */ = {isa = PBXFileReference; lastKnownFileType = sourcecode.swift; path = Double.swift; sourceTree = "<group>"; };
		2DCCB8AA2C9CC934006DE802 /* PreviewProvider.swift */ = {isa = PBXFileReference; lastKnownFileType = sourcecode.swift; path = PreviewProvider.swift; sourceTree = "<group>"; };
		2DCCB8AB2C9CC934006DE802 /* UIApplication.swift */ = {isa = PBXFileReference; lastKnownFileType = sourcecode.swift; path = UIApplication.swift; sourceTree = "<group>"; };
		2DCCB8AD2C9CC934006DE802 /* CoinModel.swift */ = {isa = PBXFileReference; lastKnownFileType = sourcecode.swift; path = CoinModel.swift; sourceTree = "<group>"; };
		2DCCB8AE2C9CC934006DE802 /* StatisticModel.swift */ = {isa = PBXFileReference; lastKnownFileType = sourcecode.swift; path = StatisticModel.swift; sourceTree = "<group>"; };
		2DCCB8B02C9CC934006DE802 /* Preview Assets.xcassets */ = {isa = PBXFileReference; lastKnownFileType = folder.assetcatalog; path = "Preview Assets.xcassets"; sourceTree = "<group>"; };
		2DCCB8B22C9CC934006DE802 /* CoinDataService.swift */ = {isa = PBXFileReference; lastKnownFileType = sourcecode.swift; path = CoinDataService.swift; sourceTree = "<group>"; };
		2DCCB8B32C9CC934006DE802 /* CoinImageService.swift */ = {isa = PBXFileReference; lastKnownFileType = sourcecode.swift; path = CoinImageService.swift; sourceTree = "<group>"; };
		2DCCB8B52C9CC934006DE802 /* LocalFileManager.swift */ = {isa = PBXFileReference; lastKnownFileType = sourcecode.swift; path = LocalFileManager.swift; sourceTree = "<group>"; };
		2DCCB8B62C9CC934006DE802 /* NetworkingManager.swift */ = {isa = PBXFileReference; lastKnownFileType = sourcecode.swift; path = NetworkingManager.swift; sourceTree = "<group>"; };
		2DCCB8B82C9CC934006DE802 /* AshtariaCryptoApp.swift */ = {isa = PBXFileReference; lastKnownFileType = sourcecode.swift; path = AshtariaCryptoApp.swift; sourceTree = "<group>"; };
		2DCCB8B92C9CC934006DE802 /* Assets.xcassets */ = {isa = PBXFileReference; lastKnownFileType = folder.assetcatalog; path = Assets.xcassets; sourceTree = "<group>"; };
		2DCCB8D32C9CD436006DE802 /* MarketDataModel.swift */ = {isa = PBXFileReference; lastKnownFileType = sourcecode.swift; path = MarketDataModel.swift; sourceTree = "<group>"; };
		2DCCB8D52C9CDF99006DE802 /* MarketDataService.swift */ = {isa = PBXFileReference; lastKnownFileType = sourcecode.swift; path = MarketDataService.swift; sourceTree = "<group>"; };
		2DCCB8D72C9DE021006DE802 /* PortfolioView.swift */ = {isa = PBXFileReference; lastKnownFileType = sourcecode.swift; path = PortfolioView.swift; sourceTree = "<group>"; };
		2DCCB8D92C9DEC45006DE802 /* XMarkButton.swift */ = {isa = PBXFileReference; lastKnownFileType = sourcecode.swift; path = XMarkButton.swift; sourceTree = "<group>"; };
		2DCCB8DB2C9DF3EF006DE802 /* CoinLogoView.swift */ = {isa = PBXFileReference; lastKnownFileType = sourcecode.swift; path = CoinLogoView.swift; sourceTree = "<group>"; };
		2DCCB8DE2C9E2BBB006DE802 /* PortfolioContainer.xcdatamodel */ = {isa = PBXFileReference; lastKnownFileType = wrapper.xcdatamodel; path = PortfolioContainer.xcdatamodel; sourceTree = "<group>"; };
		2DCCB8E02C9E32E2006DE802 /* PortfolioDataService.swift */ = {isa = PBXFileReference; lastKnownFileType = sourcecode.swift; path = PortfolioDataService.swift; sourceTree = "<group>"; };
		2DD131772CA21FBC002D1989 /* HapticManager.swift */ = {isa = PBXFileReference; lastKnownFileType = sourcecode.swift; path = HapticManager.swift; sourceTree = "<group>"; };
		2DD131832CA36E76002D1989 /* CoinDetailModel.swift */ = {isa = PBXFileReference; lastKnownFileType = sourcecode.swift; path = CoinDetailModel.swift; sourceTree = "<group>"; };
		2DD131872CA374A0002D1989 /* CoinDetailDataService.swift */ = {isa = PBXFileReference; lastKnownFileType = sourcecode.swift; path = CoinDetailDataService.swift; sourceTree = "<group>"; };
		2DEEAA392C972AD4006D10BD /* AshtariaCrypto.app */ = {isa = PBXFileReference; explicitFileType = wrapper.application; includeInIndex = 0; path = AshtariaCrypto.app; sourceTree = BUILT_PRODUCTS_DIR; };
/* End PBXFileReference section */

/* Begin PBXFrameworksBuildPhase section */
		2DEEAA362C972AD4006D10BD /* Frameworks */ = {
			isa = PBXFrameworksBuildPhase;
			buildActionMask = 2147483647;
			files = (
			);
			runOnlyForDeploymentPostprocessing = 0;
		};
/* End PBXFrameworksBuildPhase section */

/* Begin PBXGroup section */
		2D11053F2CA4C35D004548C1 /* Views */ = {
			isa = PBXGroup;
			children = (
				2D1105392CA4BC36004548C1 /* ChartView.swift */,
				2D11053A2CA4BC36004548C1 /* DetailView.swift */,
			);
			path = Views;
			sourceTree = "<group>";
		};
		2D1105402CA4C37F004548C1 /* ViewModels */ = {
			isa = PBXGroup;
			children = (
				2D11053D2CA4BC36004548C1 /* DetailViewModel.swift */,
			);
			path = ViewModels;
			sourceTree = "<group>";
		};
		2D1105412CA4C3B4004548C1 /* Settings */ = {
			isa = PBXGroup;
			children = (
				2D1105422CA4C3DF004548C1 /* Views */,
			);
			path = Settings;
			sourceTree = "<group>";
		};
		2D1105422CA4C3DF004548C1 /* Views */ = {
			isa = PBXGroup;
			children = (
				2D1105432CA4C481004548C1 /* SettingsView.swift */,
			);
			path = Views;
			sourceTree = "<group>";
		};
		2D5BF9792CA5DA9D002E7C2B /* Launch */ = {
			isa = PBXGroup;
			children = (
				2D5BF97A2CA5DAA6002E7C2B /* Views */,
			);
			path = Launch;
			sourceTree = "<group>";
		};
		2D5BF97A2CA5DAA6002E7C2B /* Views */ = {
			isa = PBXGroup;
			children = (
				2D577E912CA5F16D00DDC18A /* LaunchScreen.storyboard */,
				2D577E932CA5F9E200DDC18A /* LaunchView.swift */,
			);
			path = Views;
			sourceTree = "<group>";
		};
		2DCCB8982C9CC934006DE802 /* CircleButton */ = {
			isa = PBXGroup;
			children = (
				2DCCB8962C9CC934006DE802 /* CircleButtonAnimationView.swift */,
				2DCCB8972C9CC934006DE802 /* CircleButtonView.swift */,
			);
			path = CircleButton;
			sourceTree = "<group>";
		};
		2DCCB89B2C9CC934006DE802 /* CoinImage */ = {
			isa = PBXGroup;
			children = (
				2DCCB8992C9CC934006DE802 /* CoinImageView.swift */,
				2DCCB89A2C9CC934006DE802 /* CoinImageViewModel.swift */,
				2DCCB8DB2C9DF3EF006DE802 /* CoinLogoView.swift */,
			);
			path = CoinImage;
			sourceTree = "<group>";
		};
		2DCCB89E2C9CC934006DE802 /* Components */ = {
			isa = PBXGroup;
			children = (
				2DCCB8982C9CC934006DE802 /* CircleButton */,
				2DCCB89B2C9CC934006DE802 /* CoinImage */,
				2DCCB89C2C9CC934006DE802 /* SearchBarView.swift */,
				2DCCB89D2C9CC934006DE802 /* StatisticView.swift */,
				2DCCB8D92C9DEC45006DE802 /* XMarkButton.swift */,
			);
			path = Components;
			sourceTree = "<group>";
		};
		2DCCB8A02C9CC934006DE802 /* ViewModels */ = {
			isa = PBXGroup;
			children = (
				2DCCB89F2C9CC934006DE802 /* HomeViewModel.swift */,
			);
			path = ViewModels;
			sourceTree = "<group>";
		};
		2DCCB8A42C9CC934006DE802 /* Views */ = {
			isa = PBXGroup;
			children = (
				2DCCB8A32C9CC934006DE802 /* HomeView.swift */,
				2DCCB8A22C9CC934006DE802 /* HomeStatsView.swift */,
				2DCCB8A12C9CC934006DE802 /* CoinRowView.swift */,
				2DCCB8D72C9DE021006DE802 /* PortfolioView.swift */,
			);
			path = Views;
			sourceTree = "<group>";
		};
		2DCCB8A52C9CC934006DE802 /* Home */ = {
			isa = PBXGroup;
			children = (
				2DCCB8A02C9CC934006DE802 /* ViewModels */,
				2DCCB8A42C9CC934006DE802 /* Views */,
			);
			path = Home;
			sourceTree = "<group>";
		};
		2DCCB8A62C9CC934006DE802 /* Core */ = {
			isa = PBXGroup;
			children = (
				2DCCB89E2C9CC934006DE802 /* Components */,
				2DD1317E2CA33F88002D1989 /* Detail */,
				2DCCB8A52C9CC934006DE802 /* Home */,
				2D5BF9792CA5DA9D002E7C2B /* Launch */,
				2D1105412CA4C3B4004548C1 /* Settings */,
			);
			path = Core;
			sourceTree = "<group>";
		};
		2DCCB8AC2C9CC934006DE802 /* Extensions */ = {
			isa = PBXGroup;
			children = (
				2DCCB8A72C9CC934006DE802 /* Color.swift */,
				2DCCB8A92C9CC934006DE802 /* Double.swift */,
				2DCCB8AA2C9CC934006DE802 /* PreviewProvider.swift */,
				2DCCB8AB2C9CC934006DE802 /* UIApplication.swift */,
				2D2C9BBF2CA470EC00AB4197 /* Date.swift */,
				2D2C9BC12CA4AD2B00AB4197 /* String.swift */,
			);
			path = Extensions;
			sourceTree = "<group>";
		};
		2DCCB8AF2C9CC934006DE802 /* Models */ = {
			isa = PBXGroup;
			children = (
				2DCCB8AD2C9CC934006DE802 /* CoinModel.swift */,
				2DCCB8AE2C9CC934006DE802 /* StatisticModel.swift */,
				2DCCB8D32C9CD436006DE802 /* MarketDataModel.swift */,
				2DCCB8DD2C9E2BBB006DE802 /* PortfolioContainer.xcdatamodeld */,
				2DD131832CA36E76002D1989 /* CoinDetailModel.swift */,
			);
			path = Models;
			sourceTree = "<group>";
		};
		2DCCB8B12C9CC934006DE802 /* Preview Content */ = {
			isa = PBXGroup;
			children = (
				2DCCB8B02C9CC934006DE802 /* Preview Assets.xcassets */,
			);
			path = "Preview Content";
			sourceTree = "<group>";
		};
		2DCCB8B42C9CC934006DE802 /* Services */ = {
			isa = PBXGroup;
			children = (
				2DCCB8B22C9CC934006DE802 /* CoinDataService.swift */,
				2DCCB8B32C9CC934006DE802 /* CoinImageService.swift */,
				2DCCB8D52C9CDF99006DE802 /* MarketDataService.swift */,
				2DCCB8E02C9E32E2006DE802 /* PortfolioDataService.swift */,
				2DD131872CA374A0002D1989 /* CoinDetailDataService.swift */,
			);
			path = Services;
			sourceTree = "<group>";
		};
		2DCCB8B72C9CC934006DE802 /* Utilities */ = {
			isa = PBXGroup;
			children = (
				2DCCB8B52C9CC934006DE802 /* LocalFileManager.swift */,
				2DCCB8B62C9CC934006DE802 /* NetworkingManager.swift */,
				2DD131772CA21FBC002D1989 /* HapticManager.swift */,
			);
			path = Utilities;
			sourceTree = "<group>";
		};
		2DCCB8BA2C9CC934006DE802 /* AshtariaCrypto */ = {
			isa = PBXGroup;
			children = (
				2DCCB8B82C9CC934006DE802 /* AshtariaCryptoApp.swift */,
				2DCCB8A62C9CC934006DE802 /* Core */,
				2DCCB8AC2C9CC934006DE802 /* Extensions */,
				2DCCB8AF2C9CC934006DE802 /* Models */,
				2DCCB8B12C9CC934006DE802 /* Preview Content */,
				2DCCB8B42C9CC934006DE802 /* Services */,
				2DCCB8B72C9CC934006DE802 /* Utilities */,
				2DCCB8B92C9CC934006DE802 /* Assets.xcassets */,
			);
			path = AshtariaCrypto;
			sourceTree = "<group>";
		};
		2DD1317E2CA33F88002D1989 /* Detail */ = {
			isa = PBXGroup;
			children = (
				2D11053F2CA4C35D004548C1 /* Views */,
				2D1105402CA4C37F004548C1 /* ViewModels */,
			);
			path = Detail;
			sourceTree = "<group>";
		};
		2DEEAA302C972AD4006D10BD = {
			isa = PBXGroup;
			children = (
				2D974A042CAF15FA00499D25 /* README.md */,
				2DCCB8BA2C9CC934006DE802 /* AshtariaCrypto */,
				2DEEAA3A2C972AD4006D10BD /* Products */,
			);
			sourceTree = "<group>";
		};
		2DEEAA3A2C972AD4006D10BD /* Products */ = {
			isa = PBXGroup;
			children = (
				2DEEAA392C972AD4006D10BD /* AshtariaCrypto.app */,
			);
			name = Products;
			sourceTree = "<group>";
		};
/* End PBXGroup section */

/* Begin PBXNativeTarget section */
		2DEEAA382C972AD4006D10BD /* AshtariaCrypto */ = {
			isa = PBXNativeTarget;
			buildConfigurationList = 2DEEAA472C972AD5006D10BD /* Build configuration list for PBXNativeTarget "AshtariaCrypto" */;
			buildPhases = (
				2DEEAA352C972AD4006D10BD /* Sources */,
				2DEEAA362C972AD4006D10BD /* Frameworks */,
				2DEEAA372C972AD4006D10BD /* Resources */,
			);
			buildRules = (
			);
			dependencies = (
			);
			name = AshtariaCrypto;
			packageProductDependencies = (
			);
			productName = AshtariaCrytpo;
			productReference = 2DEEAA392C972AD4006D10BD /* AshtariaCrypto.app */;
			productType = "com.apple.product-type.application";
		};
/* End PBXNativeTarget section */

/* Begin PBXProject section */
		2DEEAA312C972AD4006D10BD /* Project object */ = {
			isa = PBXProject;
			attributes = {
				BuildIndependentTargetsInParallel = 1;
				LastSwiftUpdateCheck = 1610;
				LastUpgradeCheck = 1610;
				TargetAttributes = {
					2DEEAA382C972AD4006D10BD = {
						CreatedOnToolsVersion = 16.1;
					};
				};
			};
			buildConfigurationList = 2DEEAA342C972AD4006D10BD /* Build configuration list for PBXProject "AshtariaCrypto" */;
			developmentRegion = en;
			hasScannedForEncodings = 0;
			knownRegions = (
				en,
				Base,
			);
			mainGroup = 2DEEAA302C972AD4006D10BD;
			minimizedProjectReferenceProxies = 1;
			preferredProjectObjectVersion = 77;
			productRefGroup = 2DEEAA3A2C972AD4006D10BD /* Products */;
			projectDirPath = "";
			projectRoot = "";
			targets = (
				2DEEAA382C972AD4006D10BD /* AshtariaCrypto */,
			);
		};
/* End PBXProject section */

/* Begin PBXResourcesBuildPhase section */
		2DEEAA372C972AD4006D10BD /* Resources */ = {
			isa = PBXResourcesBuildPhase;
			buildActionMask = 2147483647;
			files = (
				2D577E922CA5F16D00DDC18A /* LaunchScreen.storyboard in Resources */,
				2DCCB8D12C9CC934006DE802 /* Preview Assets.xcassets in Resources */,
				2DCCB8D22C9CC934006DE802 /* Assets.xcassets in Resources */,
			);
			runOnlyForDeploymentPostprocessing = 0;
		};
/* End PBXResourcesBuildPhase section */

/* Begin PBXSourcesBuildPhase section */
		2DEEAA352C972AD4006D10BD /* Sources */ = {
			isa = PBXSourcesBuildPhase;
			buildActionMask = 2147483647;
			files = (
				2DCCB8DF2C9E2BBB006DE802 /* PortfolioContainer.xcdatamodeld in Sources */,
				2DCCB8BB2C9CC934006DE802 /* CircleButtonAnimationView.swift in Sources */,
				2DCCB8BC2C9CC934006DE802 /* CircleButtonView.swift in Sources */,
				2DCCB8BD2C9CC934006DE802 /* CoinImageView.swift in Sources */,
				2DCCB8DA2C9DEC45006DE802 /* XMarkButton.swift in Sources */,
				2DCCB8BE2C9CC934006DE802 /* CoinImageViewModel.swift in Sources */,
				2DCCB8BF2C9CC934006DE802 /* SearchBarView.swift in Sources */,
				2D2C9BC02CA470EC00AB4197 /* Date.swift in Sources */,
				2D11053B2CA4BC36004548C1 /* ChartView.swift in Sources */,
				2D11053C2CA4BC36004548C1 /* DetailView.swift in Sources */,
				2DCCB8C02C9CC934006DE802 /* StatisticView.swift in Sources */,
				2DCCB8D42C9CD436006DE802 /* MarketDataModel.swift in Sources */,
				2DCCB8C12C9CC934006DE802 /* HomeViewModel.swift in Sources */,
				2DCCB8C22C9CC934006DE802 /* CoinRowView.swift in Sources */,
				2DCCB8C32C9CC934006DE802 /* HomeStatsView.swift in Sources */,
				2DCCB8C42C9CC934006DE802 /* HomeView.swift in Sources */,
				2D577E942CA5F9E200DDC18A /* LaunchView.swift in Sources */,
				2DCCB8C52C9CC934006DE802 /* Color.swift in Sources */,
				2DCCB8C72C9CC934006DE802 /* Double.swift in Sources */,
				2DD131782CA21FBC002D1989 /* HapticManager.swift in Sources */,
				2DCCB8C82C9CC934006DE802 /* PreviewProvider.swift in Sources */,
				2DCCB8C92C9CC934006DE802 /* UIApplication.swift in Sources */,
				2DCCB8DC2C9DF3EF006DE802 /* CoinLogoView.swift in Sources */,
				2DCCB8CA2C9CC934006DE802 /* CoinModel.swift in Sources */,
				2DCCB8D62C9CDF99006DE802 /* MarketDataService.swift in Sources */,
				2D11053E2CA4BC36004548C1 /* DetailViewModel.swift in Sources */,
				2DCCB8CB2C9CC934006DE802 /* StatisticModel.swift in Sources */,
				2D2C9BC22CA4AD2B00AB4197 /* String.swift in Sources */,
				2DCCB8CC2C9CC934006DE802 /* CoinDataService.swift in Sources */,
				2DCCB8CD2C9CC934006DE802 /* CoinImageService.swift in Sources */,
				2DCCB8D82C9DE021006DE802 /* PortfolioView.swift in Sources */,
				2DCCB8CE2C9CC934006DE802 /* LocalFileManager.swift in Sources */,
				2DCCB8CF2C9CC934006DE802 /* NetworkingManager.swift in Sources */,
				2DD131842CA36E76002D1989 /* CoinDetailModel.swift in Sources */,
				2DCCB8D02C9CC934006DE802 /* AshtariaCryptoApp.swift in Sources */,
				2DD131882CA374A0002D1989 /* CoinDetailDataService.swift in Sources */,
				2DCCB8E12C9E32E2006DE802 /* PortfolioDataService.swift in Sources */,
				2D1105442CA4C481004548C1 /* SettingsView.swift in Sources */,
			);
			runOnlyForDeploymentPostprocessing = 0;
		};
/* End PBXSourcesBuildPhase section */

/* Begin XCBuildConfiguration section */
		2DEEAA452C972AD5006D10BD /* Debug */ = {
			isa = XCBuildConfiguration;
			buildSettings = {
				ALWAYS_SEARCH_USER_PATHS = NO;
				ASSETCATALOG_COMPILER_GENERATE_SWIFT_ASSET_SYMBOL_EXTENSIONS = YES;
				CLANG_ANALYZER_NONNULL = YES;
				CLANG_ANALYZER_NUMBER_OBJECT_CONVERSION = YES_AGGRESSIVE;
				CLANG_CXX_LANGUAGE_STANDARD = "gnu++20";
				CLANG_ENABLE_MODULES = YES;
				CLANG_ENABLE_OBJC_ARC = YES;
				CLANG_ENABLE_OBJC_WEAK = YES;
				CLANG_WARN_BLOCK_CAPTURE_AUTORELEASING = YES;
				CLANG_WARN_BOOL_CONVERSION = YES;
				CLANG_WARN_COMMA = YES;
				CLANG_WARN_CONSTANT_CONVERSION = YES;
				CLANG_WARN_DEPRECATED_OBJC_IMPLEMENTATIONS = YES;
				CLANG_WARN_DIRECT_OBJC_ISA_USAGE = YES_ERROR;
				CLANG_WARN_DOCUMENTATION_COMMENTS = YES;
				CLANG_WARN_EMPTY_BODY = YES;
				CLANG_WARN_ENUM_CONVERSION = YES;
				CLANG_WARN_INFINITE_RECURSION = YES;
				CLANG_WARN_INT_CONVERSION = YES;
				CLANG_WARN_NON_LITERAL_NULL_CONVERSION = YES;
				CLANG_WARN_OBJC_IMPLICIT_RETAIN_SELF = YES;
				CLANG_WARN_OBJC_LITERAL_CONVERSION = YES;
				CLANG_WARN_OBJC_ROOT_CLASS = YES_ERROR;
				CLANG_WARN_QUOTED_INCLUDE_IN_FRAMEWORK_HEADER = YES;
				CLANG_WARN_RANGE_LOOP_ANALYSIS = YES;
				CLANG_WARN_STRICT_PROTOTYPES = YES;
				CLANG_WARN_SUSPICIOUS_MOVE = YES;
				CLANG_WARN_UNGUARDED_AVAILABILITY = YES_AGGRESSIVE;
				CLANG_WARN_UNREACHABLE_CODE = YES;
				CLANG_WARN__DUPLICATE_METHOD_MATCH = YES;
				COPY_PHASE_STRIP = NO;
				DEBUG_INFORMATION_FORMAT = dwarf;
				ENABLE_STRICT_OBJC_MSGSEND = YES;
				ENABLE_TESTABILITY = YES;
				ENABLE_USER_SCRIPT_SANDBOXING = YES;
				GCC_C_LANGUAGE_STANDARD = gnu17;
				GCC_DYNAMIC_NO_PIC = NO;
				GCC_NO_COMMON_BLOCKS = YES;
				GCC_OPTIMIZATION_LEVEL = 0;
				GCC_PREPROCESSOR_DEFINITIONS = (
					"DEBUG=1",
					"$(inherited)",
				);
				GCC_WARN_64_TO_32_BIT_CONVERSION = YES;
				GCC_WARN_ABOUT_RETURN_TYPE = YES_ERROR;
				GCC_WARN_UNDECLARED_SELECTOR = YES;
				GCC_WARN_UNINITIALIZED_AUTOS = YES_AGGRESSIVE;
				GCC_WARN_UNUSED_FUNCTION = YES;
				GCC_WARN_UNUSED_VARIABLE = YES;
				INFOPLIST_KEY_UILaunchScreen_Generation = YES;
				IPHONEOS_DEPLOYMENT_TARGET = 18.1;
				LOCALIZATION_PREFERS_STRING_CATALOGS = YES;
				MTL_ENABLE_DEBUG_INFO = INCLUDE_SOURCE;
				MTL_FAST_MATH = YES;
				ONLY_ACTIVE_ARCH = YES;
				SDKROOT = iphoneos;
				SWIFT_ACTIVE_COMPILATION_CONDITIONS = "DEBUG $(inherited)";
				SWIFT_OPTIMIZATION_LEVEL = "-Onone";
			};
			name = Debug;
		};
		2DEEAA462C972AD5006D10BD /* Release */ = {
			isa = XCBuildConfiguration;
			buildSettings = {
				ALWAYS_SEARCH_USER_PATHS = NO;
				ASSETCATALOG_COMPILER_GENERATE_SWIFT_ASSET_SYMBOL_EXTENSIONS = YES;
				CLANG_ANALYZER_NONNULL = YES;
				CLANG_ANALYZER_NUMBER_OBJECT_CONVERSION = YES_AGGRESSIVE;
				CLANG_CXX_LANGUAGE_STANDARD = "gnu++20";
				CLANG_ENABLE_MODULES = YES;
				CLANG_ENABLE_OBJC_ARC = YES;
				CLANG_ENABLE_OBJC_WEAK = YES;
				CLANG_WARN_BLOCK_CAPTURE_AUTORELEASING = YES;
				CLANG_WARN_BOOL_CONVERSION = YES;
				CLANG_WARN_COMMA = YES;
				CLANG_WARN_CONSTANT_CONVERSION = YES;
				CLANG_WARN_DEPRECATED_OBJC_IMPLEMENTATIONS = YES;
				CLANG_WARN_DIRECT_OBJC_ISA_USAGE = YES_ERROR;
				CLANG_WARN_DOCUMENTATION_COMMENTS = YES;
				CLANG_WARN_EMPTY_BODY = YES;
				CLANG_WARN_ENUM_CONVERSION = YES;
				CLANG_WARN_INFINITE_RECURSION = YES;
				CLANG_WARN_INT_CONVERSION = YES;
				CLANG_WARN_NON_LITERAL_NULL_CONVERSION = YES;
				CLANG_WARN_OBJC_IMPLICIT_RETAIN_SELF = YES;
				CLANG_WARN_OBJC_LITERAL_CONVERSION = YES;
				CLANG_WARN_OBJC_ROOT_CLASS = YES_ERROR;
				CLANG_WARN_QUOTED_INCLUDE_IN_FRAMEWORK_HEADER = YES;
				CLANG_WARN_RANGE_LOOP_ANALYSIS = YES;
				CLANG_WARN_STRICT_PROTOTYPES = YES;
				CLANG_WARN_SUSPICIOUS_MOVE = YES;
				CLANG_WARN_UNGUARDED_AVAILABILITY = YES_AGGRESSIVE;
				CLANG_WARN_UNREACHABLE_CODE = YES;
				CLANG_WARN__DUPLICATE_METHOD_MATCH = YES;
				COPY_PHASE_STRIP = NO;
				DEBUG_INFORMATION_FORMAT = "dwarf-with-dsym";
				ENABLE_NS_ASSERTIONS = NO;
				ENABLE_STRICT_OBJC_MSGSEND = YES;
				ENABLE_USER_SCRIPT_SANDBOXING = YES;
				GCC_C_LANGUAGE_STANDARD = gnu17;
				GCC_NO_COMMON_BLOCKS = YES;
				GCC_WARN_64_TO_32_BIT_CONVERSION = YES;
				GCC_WARN_ABOUT_RETURN_TYPE = YES_ERROR;
				GCC_WARN_UNDECLARED_SELECTOR = YES;
				GCC_WARN_UNINITIALIZED_AUTOS = YES_AGGRESSIVE;
				GCC_WARN_UNUSED_FUNCTION = YES;
				GCC_WARN_UNUSED_VARIABLE = YES;
				INFOPLIST_KEY_UILaunchScreen_Generation = YES;
				IPHONEOS_DEPLOYMENT_TARGET = 18.1;
				LOCALIZATION_PREFERS_STRING_CATALOGS = YES;
				MTL_ENABLE_DEBUG_INFO = NO;
				MTL_FAST_MATH = YES;
				SDKROOT = iphoneos;
				SWIFT_COMPILATION_MODE = wholemodule;
				VALIDATE_PRODUCT = YES;
			};
			name = Release;
		};
		2DEEAA482C972AD5006D10BD /* Debug */ = {
			isa = XCBuildConfiguration;
			buildSettings = {
				ASSETCATALOG_COMPILER_APPICON_NAME = AppIcon;
				ASSETCATALOG_COMPILER_GLOBAL_ACCENT_COLOR_NAME = AccentColor;
				ASSETCATALOG_COMPILER_INCLUDE_ALL_APPICON_ASSETS = NO;
				CODE_SIGN_IDENTITY = "Apple Development";
				CODE_SIGN_STYLE = Automatic;
				CURRENT_PROJECT_VERSION = 1;
				DEVELOPMENT_ASSET_PATHS = "\"AshtariaCrypto/Preview Content\"";
				DEVELOPMENT_TEAM = L47ZX65B39;
				ENABLE_PREVIEWS = YES;
				GENERATE_INFOPLIST_FILE = YES;
				INFOPLIST_KEY_CFBundleDisplayName = "Crypto Tracker";
				INFOPLIST_KEY_UIApplicationSceneManifest_Generation = YES;
				INFOPLIST_KEY_UIApplicationSupportsIndirectInputEvents = YES;
				INFOPLIST_KEY_UILaunchScreen_Generation = YES;
				INFOPLIST_KEY_UISupportedInterfaceOrientations = "UIInterfaceOrientationPortrait UIInterfaceOrientationPortraitUpsideDown";
				IPHONEOS_DEPLOYMENT_TARGET = 18.0;
				LD_RUNPATH_SEARCH_PATHS = (
					"$(inherited)",
					"@executable_path/Frameworks",
				);
				MARKETING_VERSION = 1.0;
				PRODUCT_BUNDLE_IDENTIFIER = com.ashtariaproductions.AshtariaCrytpo;
				PRODUCT_NAME = "$(TARGET_NAME)";
				PROVISIONING_PROFILE_SPECIFIER = "";
				SWIFT_EMIT_LOC_STRINGS = YES;
				SWIFT_VERSION = 5.0;
				TARGETED_DEVICE_FAMILY = "1,2";
			};
			name = Debug;
		};
		2DEEAA492C972AD5006D10BD /* Release */ = {
			isa = XCBuildConfiguration;
			buildSettings = {
				ASSETCATALOG_COMPILER_APPICON_NAME = AppIcon;
				ASSETCATALOG_COMPILER_GLOBAL_ACCENT_COLOR_NAME = AccentColor;
				ASSETCATALOG_COMPILER_INCLUDE_ALL_APPICON_ASSETS = NO;
				CODE_SIGN_IDENTITY = "Apple Development";
				CODE_SIGN_STYLE = Automatic;
				CURRENT_PROJECT_VERSION = 1;
				DEVELOPMENT_ASSET_PATHS = "\"AshtariaCrypto/Preview Content\"";
				DEVELOPMENT_TEAM = L47ZX65B39;
				ENABLE_PREVIEWS = YES;
				GENERATE_INFOPLIST_FILE = YES;
				INFOPLIST_KEY_CFBundleDisplayName = "Crypto Tracker";
				INFOPLIST_KEY_UIApplicationSceneManifest_Generation = YES;
				INFOPLIST_KEY_UIApplicationSupportsIndirectInputEvents = YES;
				INFOPLIST_KEY_UILaunchScreen_Generation = YES;
				INFOPLIST_KEY_UISupportedInterfaceOrientations = "UIInterfaceOrientationPortrait UIInterfaceOrientationPortraitUpsideDown";
				IPHONEOS_DEPLOYMENT_TARGET = 18.0;
				LD_RUNPATH_SEARCH_PATHS = (
					"$(inherited)",
					"@executable_path/Frameworks",
				);
				MARKETING_VERSION = 1.0;
				PRODUCT_BUNDLE_IDENTIFIER = com.ashtariaproductions.AshtariaCrytpo;
				PRODUCT_NAME = "$(TARGET_NAME)";
				PROVISIONING_PROFILE_SPECIFIER = "";
				SWIFT_EMIT_LOC_STRINGS = YES;
				SWIFT_VERSION = 5.0;
				TARGETED_DEVICE_FAMILY = "1,2";
			};
			name = Release;
		};
/* End XCBuildConfiguration section */

/* Begin XCConfigurationList section */
		2DEEAA342C972AD4006D10BD /* Build configuration list for PBXProject "AshtariaCrypto" */ = {
			isa = XCConfigurationList;
			buildConfigurations = (
				2DEEAA452C972AD5006D10BD /* Debug */,
				2DEEAA462C972AD5006D10BD /* Release */,
			);
			defaultConfigurationIsVisible = 0;
			defaultConfigurationName = Release;
		};
		2DEEAA472C972AD5006D10BD /* Build configuration list for PBXNativeTarget "AshtariaCrypto" */ = {
			isa = XCConfigurationList;
			buildConfigurations = (
				2DEEAA482C972AD5006D10BD /* Debug */,
				2DEEAA492C972AD5006D10BD /* Release */,
			);
			defaultConfigurationIsVisible = 0;
			defaultConfigurationName = Release;
		};
/* End XCConfigurationList section */

/* Begin XCVersionGroup section */
		2DCCB8DD2C9E2BBB006DE802 /* PortfolioContainer.xcdatamodeld */ = {
			isa = XCVersionGroup;
			children = (
				2DCCB8DE2C9E2BBB006DE802 /* PortfolioContainer.xcdatamodel */,
			);
			currentVersion = 2DCCB8DE2C9E2BBB006DE802 /* PortfolioContainer.xcdatamodel */;
			path = PortfolioContainer.xcdatamodeld;
			sourceTree = "<group>";
			versionGroupType = wrapper.xcdatamodel;
		};
/* End XCVersionGroup section */
	};
	rootObject = 2DEEAA312C972AD4006D10BD /* Project object */;
}
